
Microsoft Visual Studio Solution File, Format Version 12.00
# Visual Studio Version 17
VisualStudioVersion = 17.6.33712.159
MinimumVisualStudioVersion = 10.0.40219.1
Project("{FAE04EC0-301F-11D3-BF4B-00C04F79EFBC}") = "DLL_Word", "DLL_Word\DLL_Word.csproj", "{0120D786-B511-4FC5-BDC1-C39C441A46BF}"
EndProject
Global
	GlobalSection(SolutionConfigurationPlatforms) = preSolution
		Debug|Any CPU = Debug|Any CPU
		Release|Any CPU = Release|Any CPU
	EndGlobalSection
	GlobalSection(ProjectConfigurationPlatforms) = postSolution
		{0120D786-B511-4FC5-BDC1-C39C441A46BF}.Debug|Any CPU.ActiveCfg = Debug|Any CPU
		{0120D786-B511-4FC5-BDC1-C39C441A46BF}.Debug|Any CPU.Build.0 = Debug|Any CPU
		{0120D786-B511-4FC5-BDC1-C39C441A46BF}.Release|Any CPU.ActiveCfg = Release|Any CPU
		{0120D786-B511-4FC5-BDC1-C39C441A46BF}.Release|Any CPU.Build.0 = Release|Any CPU
	EndGlobalSection
	GlobalSection(SolutionProperties) = preSolution
		HideSolutionNode = FALSE
	EndGlobalSection
	GlobalSection(ExtensibilityGlobals) = postSolution
		SolutionGuid = {3E6CE0F4-584C-4D40-9E1A-433BEEA0A84D}
	EndGlobalSection
EndGlobal
